// !$*UTF8*$!
{
	archiveVersion = 1;
	classes = {
	};
	objectVersion = 46;
	objects = {

/* Begin PBXBuildFile section */
		76B3CA301D74AE3700D20A7C /* main.m in Sources */ = {isa = PBXBuildFile; fileRef = 76B3CA2F1D74AE3700D20A7C /* main.m */; };
		76B3CA331D74AE3700D20A7C /* AppDelegate.m in Sources */ = {isa = PBXBuildFile; fileRef = 76B3CA321D74AE3700D20A7C /* AppDelegate.m */; };
		76B3CA361D74AE3700D20A7C /* ViewController.m in Sources */ = {isa = PBXBuildFile; fileRef = 76B3CA351D74AE3700D20A7C /* ViewController.m */; };
		76B3CA391D74AE3700D20A7C /* Main.storyboard in Resources */ = {isa = PBXBuildFile; fileRef = 76B3CA371D74AE3700D20A7C /* Main.storyboard */; };
		76B3CA3B1D74AE3700D20A7C /* Assets.xcassets in Resources */ = {isa = PBXBuildFile; fileRef = 76B3CA3A1D74AE3700D20A7C /* Assets.xcassets */; };
		76B3CA3E1D74AE3700D20A7C /* LaunchScreen.storyboard in Resources */ = {isa = PBXBuildFile; fileRef = 76B3CA3C1D74AE3700D20A7C /* LaunchScreen.storyboard */; };
		76B3CA481D74BFEC00D20A7C /* script.js in Resources */ = {isa = PBXBuildFile; fileRef = 76B3CA471D74BFEC00D20A7C /* script.js */; };
/* End PBXBuildFile section */

/* Begin PBXFileReference section */
		76B3CA2B1D74AE3700D20A7C /* reCaptcha.app */ = {isa = PBXFileReference; explicitFileType = wrapper.application; includeInIndex = 0; path = reCaptcha.app; sourceTree = BUILT_PRODUCTS_DIR; };
		76B3CA2F1D74AE3700D20A7C /* main.m */ = {isa = PBXFileReference; lastKnownFileType = sourcecode.c.objc; path = main.m; sourceTree = "<group>"; };
		76B3CA311D74AE3700D20A7C /* AppDelegate.h */ = {isa = PBXFileReference; lastKnownFileType = sourcecode.c.h; path = AppDelegate.h; sourceTree = "<group>"; };
		76B3CA321D74AE3700D20A7C /* AppDelegate.m */ = {isa = PBXFileReference; lastKnownFileType = sourcecode.c.objc; path = AppDelegate.m; sourceTree = "<group>"; };
		76B3CA341D74AE3700D20A7C /* ViewController.h */ = {isa = PBXFileReference; lastKnownFileType = sourcecode.c.h; path = ViewController.h; sourceTree = "<group>"; };
		76B3CA351D74AE3700D20A7C /* ViewController.m */ = {isa = PBXFileReference; lastKnownFileType = sourcecode.c.objc; path = ViewController.m; sourceTree = "<group>"; };
		76B3CA381D74AE3700D20A7C /* Base */ = {isa = PBXFileReference; lastKnownFileType = file.storyboard; name = Base; path = Base.lproj/Main.storyboard; sourceTree = "<group>"; };
		76B3CA3A1D74AE3700D20A7C /* Assets.xcassets */ = {isa = PBXFileReference; lastKnownFileType = folder.assetcatalog; path = Assets.xcassets; sourceTree = "<group>"; };
		76B3CA3D1D74AE3700D20A7C /* Base */ = {isa = PBXFileReference; lastKnownFileType = file.storyboard; name = Base; path = Base.lproj/LaunchScreen.storyboard; sourceTree = "<group>"; };
		76B3CA3F1D74AE3700D20A7C /* Info.plist */ = {isa = PBXFileReference; lastKnownFileType = text.plist.xml; path = Info.plist; sourceTree = "<group>"; };
		76B3CA471D74BFEC00D20A7C /* script.js */ = {isa = PBXFileReference; fileEncoding = 4; lastKnownFileType = sourcecode.javascript; path = script.js; sourceTree = "<group>"; };
/* End PBXFileReference section */

/* Begin PBXFrameworksBuildPhase section */
		76B3CA281D74AE3700D20A7C /* Frameworks */ = {
			isa = PBXFrameworksBuildPhase;
			buildActionMask = 2147483647;
			files = (
			);
			runOnlyForDeploymentPostprocessing = 0;
		};
/* End PBXFrameworksBuildPhase section */

/* Begin PBXGroup section */
		76B3CA221D74AE3700D20A7C = {
			isa = PBXGroup;
			children = (
				76B3CA2D1D74AE3700D20A7C /* reCaptcha */,
				76B3CA2C1D74AE3700D20A7C /* Products */,
			);
			sourceTree = "<group>";
		};
		76B3CA2C1D74AE3700D20A7C /* Products */ = {
			isa = PBXGroup;
			children = (
				76B3CA2B1D74AE3700D20A7C /* reCaptcha.app */,
			);
			name = Products;
			sourceTree = "<group>";
		};
		76B3CA2D1D74AE3700D20A7C /* reCaptcha */ = {
			isa = PBXGroup;
			children = (
				76B3CA311D74AE3700D20A7C /* AppDelegate.h */,
				76B3CA321D74AE3700D20A7C /* AppDelegate.m */,
				76B3CA341D74AE3700D20A7C /* ViewController.h */,
				76B3CA351D74AE3700D20A7C /* ViewController.m */,
				76B3CA471D74BFEC00D20A7C /* script.js */,
				76B3CA371D74AE3700D20A7C /* Main.storyboard */,
				76B3CA3A1D74AE3700D20A7C /* Assets.xcassets */,
				76B3CA3C1D74AE3700D20A7C /* LaunchScreen.storyboard */,
				76B3CA3F1D74AE3700D20A7C /* Info.plist */,
				76B3CA2E1D74AE3700D20A7C /* Supporting Files */,
			);
			path = reCaptcha;
			sourceTree = "<group>";
		};
		76B3CA2E1D74AE3700D20A7C /* Supporting Files */ = {
			isa = PBXGroup;
			children = (
				76B3CA2F1D74AE3700D20A7C /* main.m */,
			);
			name = "Supporting Files";
			sourceTree = "<group>";
		};
/* End PBXGroup section */

/* Begin PBXNativeTarget section */
		76B3CA2A1D74AE3700D20A7C /* reCaptcha */ = {
			isa = PBXNativeTarget;
			buildConfigurationList = 76B3CA421D74AE3700D20A7C /* Build configuration list for PBXNativeTarget "reCaptcha" */;
			buildPhases = (
				76B3CA271D74AE3700D20A7C /* Sources */,
				76B3CA281D74AE3700D20A7C /* Frameworks */,
				76B3CA291D74AE3700D20A7C /* Resources */,
			);
			buildRules = (
			);
			dependencies = (
			);
			name = reCaptcha;
			productName = reCaptcha;
			productReference = 76B3CA2B1D74AE3700D20A7C /* reCaptcha.app */;
			productType = "com.apple.product-type.application";
		};
/* End PBXNativeTarget section */

/* Begin PBXProject section */
		76B3CA231D74AE3700D20A7C /* Project object */ = {
			isa = PBXProject;
			attributes = {
				LastUpgradeCheck = 0820;
				ORGANIZATIONNAME = ThinkChaos;
				TargetAttributes = {
					76B3CA2A1D74AE3700D20A7C = {
						CreatedOnToolsVersion = 7.3.1;
					};
				};
			};
			buildConfigurationList = 76B3CA261D74AE3700D20A7C /* Build configuration list for PBXProject "reCaptcha" */;
			compatibilityVersion = "Xcode 3.2";
			developmentRegion = English;
			hasScannedForEncodings = 0;
			knownRegions = (
				en,
				Base,
			);
			mainGroup = 76B3CA221D74AE3700D20A7C;
			productRefGroup = 76B3CA2C1D74AE3700D20A7C /* Products */;
			projectDirPath = "";
			projectRoot = "";
			targets = (
				76B3CA2A1D74AE3700D20A7C /* reCaptcha */,
			);
		};
/* End PBXProject section */

/* Begin PBXResourcesBuildPhase section */
		76B3CA291D74AE3700D20A7C /* Resources */ = {
			isa = PBXResourcesBuildPhase;
			buildActionMask = 2147483647;
			files = (
				76B3CA481D74BFEC00D20A7C /* script.js in Resources */,
				76B3CA3E1D74AE3700D20A7C /* LaunchScreen.storyboard in Resources */,
				76B3CA3B1D74AE3700D20A7C /* Assets.xcassets in Resources */,
				76B3CA391D74AE3700D20A7C /* Main.storyboard in Resources */,
			);
			runOnlyForDeploymentPostprocessing = 0;
		};
/* End PBXResourcesBuildPhase section */

/* Begin PBXSourcesBuildPhase section */
		76B3CA271D74AE3700D20A7C /* Sources */ = {
			isa = PBXSourcesBuildPhase;
			buildActionMask = 2147483647;
			files = (
				76B3CA361D74AE3700D20A7C /* ViewController.m in Sources */,
				76B3CA331D74AE3700D20A7C /* AppDelegate.m in Sources */,
				76B3CA301D74AE3700D20A7C /* main.m in Sources */,
			);
			runOnlyForDeploymentPostprocessing = 0;
		};
/* End PBXSourcesBuildPhase section */

/* Begin PBXVariantGroup section */
		76B3CA371D74AE3700D20A7C /* Main.storyboard */ = {
			isa = PBXVariantGroup;
			children = (
				76B3CA381D74AE3700D20A7C /* Base */,
			);
			name = Main.storyboard;
			sourceTree = "<group>";
		};
		76B3CA3C1D74AE3700D20A7C /* LaunchScreen.storyboard */ = {
			isa = PBXVariantGroup;
			children = (
				76B3CA3D1D74AE3700D20A7C /* Base */,
			);
			name = LaunchScreen.storyboard;
			sourceTree = "<group>";
		};
/* End PBXVariantGroup section */

/* Begin XCBuildConfiguration section */
		76B3CA401D74AE3700D20A7C /* Debug */ = {
			isa = XCBuildConfiguration;
			buildSettings = {
				ALWAYS_SEARCH_USER_PATHS = NO;
				CLANG_ANALYZER_NONNULL = YES;
				CLANG_CXX_LANGUAGE_STANDARD = "gnu++0x";
				CLANG_CXX_LIBRARY = "libc++";
				CLANG_ENABLE_MODULES = YES;
				CLANG_ENABLE_OBJC_ARC = YES;
				CLANG_WARN_BOOL_CONVERSION = YES;
				CLANG_WARN_CONSTANT_CONVERSION = YES;
				CLANG_WARN_DIRECT_OBJC_ISA_USAGE = YES_ERROR;
				CLANG_WARN_EMPTY_BODY = YES;
				CLANG_WARN_ENUM_CONVERSION = YES;
				CLANG_WARN_INFINITE_RECURSION = YES;
				CLANG_WARN_INT_CONVERSION = YES;
				CLANG_WARN_OBJC_ROOT_CLASS = YES_ERROR;
				CLANG_WARN_SUSPICIOUS_MOVE = YES;
				CLANG_WARN_UNREACHABLE_CODE = YES;
				CLANG_WARN__DUPLICATE_METHOD_MATCH = YES;
				"CODE_SIGN_IDENTITY[sdk=iphoneos*]" = "iPhone Developer";
				COPY_PHASE_STRIP = NO;
				DEBUG_INFORMATION_FORMAT = dwarf;
				ENABLE_STRICT_OBJC_MSGSEND = YES;
				ENABLE_TESTABILITY = YES;
				GCC_C_LANGUAGE_STANDARD = gnu99;
				GCC_DYNAMIC_NO_PIC = NO;
				GCC_NO_COMMON_BLOCKS = YES;
				GCC_OPTIMIZATION_LEVEL = 0;
				GCC_PREPROCESSOR_DEFINITIONS = (
					"DEBUG=1",
					"$(inherited)",
				);
				GCC_WARN_64_TO_32_BIT_CONVERSION = YES;
				GCC_WARN_ABOUT_RETURN_TYPE = YES_ERROR;
				GCC_WARN_UNDECLARED_SELECTOR = YES;
				GCC_WARN_UNINITIALIZED_AUTOS = YES_AGGRESSIVE;
				GCC_WARN_UNUSED_FUNCTION = YES;
				GCC_WARN_UNUSED_VARIABLE = YES;
				IPHONEOS_DEPLOYMENT_TARGET = 9.3;
				MTL_ENABLE_DEBUG_INFO = YES;
				ONLY_ACTIVE_ARCH = YES;
				SDKROOT = iphoneos;
				TARGETED_DEVICE_FAMILY = "1,2";
			};
			name = Debug;
		};
		76B3CA411D74AE3700D20A7C /* Release */ = {
			isa = XCBuildConfiguration;
			buildSettings = {
				ALWAYS_SEARCH_USER_PATHS = NO;
				CLANG_ANALYZER_NONNULL = YES;
				CLANG_CXX_LANGUAGE_STANDARD = "gnu++0x";
				CLANG_CXX_LIBRARY = "libc++";
				CLANG_ENABLE_MODULES = YES;
				CLANG_ENABLE_OBJC_ARC = YES;
				CLANG_WARN_BOOL_CONVERSION = YES;
				CLANG_WARN_CONSTANT_CONVERSION = YES;
				CLANG_WARN_DIRECT_OBJC_ISA_USAGE = YES_ERROR;
				CLANG_WARN_EMPTY_BODY = YES;
				CLANG_WARN_ENUM_CONVERSION = YES;
				CLANG_WARN_INFINITE_RECURSION = YES;
				CLANG_WARN_INT_CONVERSION = YES;
				CLANG_WARN_OBJC_ROOT_CLASS = YES_ERROR;
				CLANG_WARN_SUSPICIOUS_MOVE = YES;
				CLANG_WARN_UNREACHABLE_CODE = YES;
				CLANG_WARN__DUPLICATE_METHOD_MATCH = YES;
				"CODE_SIGN_IDENTITY[sdk=iphoneos*]" = "iPhone Developer";
				COPY_PHASE_STRIP = NO;
				DEBUG_INFORMATION_FORMAT = "dwarf-with-dsym";
				ENABLE_NS_ASSERTIONS = NO;
				ENABLE_STRICT_OBJC_MSGSEND = YES;
				GCC_C_LANGUAGE_STANDARD = gnu99;
				GCC_NO_COMMON_BLOCKS = YES;
				GCC_WARN_64_TO_32_BIT_CONVERSION = YES;
				GCC_WARN_ABOUT_RETURN_TYPE = YES_ERROR;
				GCC_WARN_UNDECLARED_SELECTOR = YES;
				GCC_WARN_UNINITIALIZED_AUTOS = YES_AGGRESSIVE;
				GCC_WARN_UNUSED_FUNCTION = YES;
				GCC_WARN_UNUSED_VARIABLE = YES;
				IPHONEOS_DEPLOYMENT_TARGET = 9.3;
				MTL_ENABLE_DEBUG_INFO = NO;
				SDKROOT = iphoneos;
				TARGETED_DEVICE_FAMILY = "1,2";
				VALIDATE_PRODUCT = YES;
			};
			name = Release;
		};
		76B3CA431D74AE3700D20A7C /* Debug */ = {
			isa = XCBuildConfiguration;
			buildSettings = {
				ASSETCATALOG_COMPILER_APPICON_NAME = AppIcon;
				INFOPLIST_FILE = reCaptcha/Info.plist;
				LD_RUNPATH_SEARCH_PATHS = "$(inherited) @executable_path/Frameworks";
				PRODUCT_BUNDLE_IDENTIFIER = thinkchaos.reCaptcha;
				PRODUCT_NAME = "$(TARGET_NAME)";
			};
			name = Debug;
		};
		76B3CA441D74AE3700D20A7C /* Release */ = {
			isa = XCBuildConfiguration;
			buildSettings = {
				ASSETCATALOG_COMPILER_APPICON_NAME = AppIcon;
				INFOPLIST_FILE = reCaptcha/Info.plist;
				LD_RUNPATH_SEARCH_PATHS = "$(inherited) @executable_path/Frameworks";
				PRODUCT_BUNDLE_IDENTIFIER = thinkchaos.reCaptcha;
				PRODUCT_NAME = "$(TARGET_NAME)";
			};
			name = Release;
		};
/* End XCBuildConfiguration section */

/* Begin XCConfigurationList section */
		76B3CA261D74AE3700D20A7C /* Build configuration list for PBXProject "reCaptcha" */ = {
			isa = XCConfigurationList;
			buildConfigurations = (
				76B3CA401D74AE3700D20A7C /* Debug */,
				76B3CA411D74AE3700D20A7C /* Release */,
			);
			defaultConfigurationIsVisible = 0;
			defaultConfigurationName = Release;
		};
		76B3CA421D74AE3700D20A7C /* Build configuration list for PBXNativeTarget "reCaptcha" */ = {
			isa = XCConfigurationList;
			buildConfigurations = (
				76B3CA431D74AE3700D20A7C /* Debug */,
				76B3CA441D74AE3700D20A7C /* Release */,
			);
			defaultConfigurationIsVisible = 0;
			defaultConfigurationName = Release;
		};
/* End XCConfigurationList section */
	};
	rootObject = 76B3CA231D74AE3700D20A7C /* Project object */;
}
